<?xml version="1.0" encoding="utf-8"?>
<Project ToolsVersion="4.0" xmlns="http://schemas.microsoft.com/developer/msbuild/2003">
  <ItemGroup>
    <Filter Include="Source Files">
      <UniqueIdentifier>{4FC737F1-C7A5-4376-A066-2A32D752A2FF}</UniqueIdentifier>
      <Extensions>cpp;c;cc;cxx;def;odl;idl;hpj;bat;asm;asmx</Extensions>
    </Filter>
    <Filter Include="Header Files">
      <UniqueIdentifier>{93995380-89BD-4b04-88EB-625FBE52EBFB}</UniqueIdentifier>
      <Extensions>h;hh;hpp;hxx;hm;inl;inc;xsd</Extensions>
    </Filter>
    <Filter Include="Resource Files">
      <UniqueIdentifier>{67DA6AB6-F800-4c08-8B7A-83BB121AAD01}</UniqueIdentifier>
      <Extensions>rc;ico;cur;bmp;dlg;rc2;rct;bin;rgs;gif;jpg;jpeg;jpe;resx;tiff;tif;png;wav</Extensions>
    </Filter>
  </ItemGroup>
  <ItemGroup>
    <ClCompile Include="131. 分割回文串.cpp">
      <Filter>Source Files</Filter>
    </ClCompile>
    <ClCompile Include="132. 分割回文串 II.cpp">
      <Filter>Source Files</Filter>
    </ClCompile>
    <ClCompile Include="417. 太平洋大西洋水流问题.cpp">
      <Filter>Source Files</Filter>
    </ClCompile>
    <ClCompile Include="827. 最大人工岛.cpp">
      <Filter>Source Files</Filter>
    </ClCompile>
    <ClCompile Include="127. 单词接龙.cpp">
      <Filter>Source Files</Filter>
    </ClCompile>
    <ClCompile Include="841. 钥匙和房间.cpp">
      <Filter>Source Files</Filter>
    </ClCompile>
    <ClCompile Include="463. 岛屿的周长.cpp">
      <Filter>Source Files</Filter>
    </ClCompile>
    <ClCompile Include="main.cpp">
      <Filter>Source Files</Filter>
    </ClCompile>
    <ClCompile Include="1971. 寻找图中是否存在路径.cpp">
      <Filter>Source Files</Filter>
    </ClCompile>
    <ClCompile Include="684. 冗余连接.cpp">
      <Filter>Source Files</Filter>
    </ClCompile>
    <ClCompile Include="685. 冗余连接 II.cpp">
      <Filter>Source Files</Filter>
    </ClCompile>
    <ClCompile Include="1365. 有多少小于当前数字的数字.cpp">
      <Filter>Source Files</Filter>
    </ClCompile>
    <ClCompile Include="941.有效的山脉数组.cpp">
      <Filter>Source Files</Filter>
    </ClCompile>
    <ClCompile Include="1207.独一无二的出现次数.cpp">
      <Filter>Source Files</Filter>
    </ClCompile>
    <ClCompile Include="283. 移动零.cpp">
      <Filter>Source Files</Filter>
    </ClCompile>
    <ClCompile Include="189. 轮转数组.cpp">
      <Filter>Source Files</Filter>
    </ClCompile>
    <ClCompile Include="724.寻找数组的中心下标.cpp">
      <Filter>Source Files</Filter>
    </ClCompile>
    <ClCompile Include="34. 在排序数组中查找元素的第一个和最后一个位置.cpp">
      <Filter>Source Files</Filter>
    </ClCompile>
    <ClCompile Include="922. 按奇偶排序数组II.cpp">
      <Filter>Source Files</Filter>
    </ClCompile>
    <ClCompile Include="35.搜索插入位置.cpp">
      <Filter>Source Files</Filter>
    </ClCompile>
    <ClCompile Include="24. 两两交换链表中的节点.cpp">
      <Filter>Source Files</Filter>
    </ClCompile>
    <ClCompile Include="234.回文链表.cpp">
      <Filter>Source Files</Filter>
    </ClCompile>
    <ClCompile Include="52. N皇后II.cpp">
      <Filter>Source Files</Filter>
    </ClCompile>
    <ClCompile Include="649. Dota2 参议院.cpp">
      <Filter>Source Files</Filter>
    </ClCompile>
    <ClCompile Include="1382.将二叉搜索树变平衡.cpp">
      <Filter>Source Files</Filter>
    </ClCompile>
  </ItemGroup>
  <ItemGroup>
    <ClInclude Include="leetcode.h">
      <Filter>Header Files</Filter>
    </ClInclude>
    <ClInclude Include="ListNode.h">
      <Filter>Header Files</Filter>
    </ClInclude>
    <ClInclude Include="TreeNode.h">
      <Filter>Header Files</Filter>
    </ClInclude>
  </ItemGroup>
</Project>